
Microsoft Visual Studio Solution File, Format Version 12.00
# Visual Studio Version 17
VisualStudioVersion = 17.1.32210.238
MinimumVisualStudioVersion = 10.0.40219.1
Project("{8BC9CEB8-8B4A-11D0-8D11-00A0C91BC942}") = "cli", "vsproj\cli.vcxproj", "{1B5AD766-36DC-4207-8B0E-F45CBEF473AB}"
EndProject
Project("{8BC9CEB8-8B4A-11D0-8D11-00A0C91BC942}") = "kiwi_c", "vsproj\kiwi_c.vcxproj", "{F91F4D06-6485-4FF0-AB01-C07E9E58A80E}"
EndProject
Project("{8BC9CEB8-8B4A-11D0-8D11-00A0C91BC942}") = "kiwi_shared_library", "vsproj\kiwi_shared_library.vcxproj", "{F790BC37-2732-4ED1-9CA5-7248BED3588E}"
EndProject
Project("{8BC9CEB8-8B4A-11D0-8D11-00A0C91BC942}") = "evaluator", "vsproj\evaluator.vcxproj", "{06D21E1F-AA67-4C06-8C8C-90307A49603D}"
EndProject
Project("{2150E333-8FDC-42A3-9474-1A3956D46DE8}") = "Solution Items", "Solution Items", "{68828706-3B82-4236-A183-7F250B65C2A3}"
	ProjectSection(SolutionItems) = preProject
		CMakeLists.txt = CMakeLists.txt
		README.md = README.md
	EndProjectSection
EndProject
Project("{8BC9CEB8-8B4A-11D0-8D11-00A0C91BC942}") = "test", "test\test.vcxproj", "{FE648386-241A-4859-A7EC-01EE7FB1893E}"
EndProject
Project("{8BC9CEB8-8B4A-11D0-8D11-00A0C91BC942}") = "kiwi_c_static", "vsproj\kiwi_c_static.vcxproj", "{E7AA2D5D-631A-4A0D-BA7C-F5BEA56C54E7}"
EndProject
Project("{8BC9CEB8-8B4A-11D0-8D11-00A0C91BC942}") = "build_model", "vsproj\build_model.vcxproj", "{4764D221-D089-4494-86CB-7F67DE6644CB}"
EndProject
Project("{8BC9CEB8-8B4A-11D0-8D11-00A0C91BC942}") = "kiwi_java", "vsproj\kiwi_java.vcxproj", "{EE01F0BB-014E-491B-A4BA-3DB952A541A0}"
EndProject
Project("{8BC9CEB8-8B4A-11D0-8D11-00A0C91BC942}") = "build_cong", "vsproj\build_cong.vcxproj", "{C63940BA-24B0-452C-A618-E435888BB45C}"
EndProject
Project("{8BC9CEB8-8B4A-11D0-8D11-00A0C91BC942}") = "diff_tokens", "vsproj\diff_tokens.vcxproj", "{EBA7E78E-01A2-42A4-B335-97D3DEFF9882}"
EndProject
Project("{8BC9CEB8-8B4A-11D0-8D11-00A0C91BC942}") = "self_label", "vsproj\self_label.vcxproj", "{0CB53E9D-99A3-4BC9-9C32-E7BEE58910EC}"
EndProject
Global
	GlobalSection(SolutionConfigurationPlatforms) = preSolution
		Debug|ARM64 = Debug|ARM64
		Debug|x64 = Debug|x64
		Debug|x86 = Debug|x86
		Release|ARM64 = Release|ARM64
		Release|x64 = Release|x64
		Release|x86 = Release|x86
	EndGlobalSection
	GlobalSection(ProjectConfigurationPlatforms) = postSolution
		{1B5AD766-36DC-4207-8B0E-F45CBEF473AB}.Debug|ARM64.ActiveCfg = Debug|ARM64
		{1B5AD766-36DC-4207-8B0E-F45CBEF473AB}.Debug|ARM64.Build.0 = Debug|ARM64
		{1B5AD766-36DC-4207-8B0E-F45CBEF473AB}.Debug|x64.ActiveCfg = Debug|x64
		{1B5AD766-36DC-4207-8B0E-F45CBEF473AB}.Debug|x64.Build.0 = Debug|x64
		{1B5AD766-36DC-4207-8B0E-F45CBEF473AB}.Debug|x86.ActiveCfg = Debug|Win32
		{1B5AD766-36DC-4207-8B0E-F45CBEF473AB}.Debug|x86.Build.0 = Debug|Win32
		{1B5AD766-36DC-4207-8B0E-F45CBEF473AB}.Release|ARM64.ActiveCfg = Release|ARM64
		{1B5AD766-36DC-4207-8B0E-F45CBEF473AB}.Release|ARM64.Build.0 = Release|ARM64
		{1B5AD766-36DC-4207-8B0E-F45CBEF473AB}.Release|x64.ActiveCfg = Release|x64
		{1B5AD766-36DC-4207-8B0E-F45CBEF473AB}.Release|x64.Build.0 = Release|x64
		{1B5AD766-36DC-4207-8B0E-F45CBEF473AB}.Release|x86.ActiveCfg = Release|Win32
		{1B5AD766-36DC-4207-8B0E-F45CBEF473AB}.Release|x86.Build.0 = Release|Win32
		{F91F4D06-6485-4FF0-AB01-C07E9E58A80E}.Debug|ARM64.ActiveCfg = Debug|ARM64
		{F91F4D06-6485-4FF0-AB01-C07E9E58A80E}.Debug|ARM64.Build.0 = Debug|ARM64
		{F91F4D06-6485-4FF0-AB01-C07E9E58A80E}.Debug|x64.ActiveCfg = Debug|x64
		{F91F4D06-6485-4FF0-AB01-C07E9E58A80E}.Debug|x64.Build.0 = Debug|x64
		{F91F4D06-6485-4FF0-AB01-C07E9E58A80E}.Debug|x86.ActiveCfg = Debug|Win32
		{F91F4D06-6485-4FF0-AB01-C07E9E58A80E}.Debug|x86.Build.0 = Debug|Win32
		{F91F4D06-6485-4FF0-AB01-C07E9E58A80E}.Release|ARM64.ActiveCfg = Release|ARM64
		{F91F4D06-6485-4FF0-AB01-C07E9E58A80E}.Release|ARM64.Build.0 = Release|ARM64
		{F91F4D06-6485-4FF0-AB01-C07E9E58A80E}.Release|x64.ActiveCfg = Release|x64
		{F91F4D06-6485-4FF0-AB01-C07E9E58A80E}.Release|x64.Build.0 = Release|x64
		{F91F4D06-6485-4FF0-AB01-C07E9E58A80E}.Release|x86.ActiveCfg = Release|Win32
		{F91F4D06-6485-4FF0-AB01-C07E9E58A80E}.Release|x86.Build.0 = Release|Win32
		{F790BC37-2732-4ED1-9CA5-7248BED3588E}.Debug|ARM64.ActiveCfg = Debug|ARM64
		{F790BC37-2732-4ED1-9CA5-7248BED3588E}.Debug|ARM64.Build.0 = Debug|ARM64
		{F790BC37-2732-4ED1-9CA5-7248BED3588E}.Debug|x64.ActiveCfg = Debug|x64
		{F790BC37-2732-4ED1-9CA5-7248BED3588E}.Debug|x64.Build.0 = Debug|x64
		{F790BC37-2732-4ED1-9CA5-7248BED3588E}.Debug|x86.ActiveCfg = Debug|Win32
		{F790BC37-2732-4ED1-9CA5-7248BED3588E}.Debug|x86.Build.0 = Debug|Win32
		{F790BC37-2732-4ED1-9CA5-7248BED3588E}.Release|ARM64.ActiveCfg = Release|ARM64
		{F790BC37-2732-4ED1-9CA5-7248BED3588E}.Release|ARM64.Build.0 = Release|ARM64
		{F790BC37-2732-4ED1-9CA5-7248BED3588E}.Release|x64.ActiveCfg = Release|x64
		{F790BC37-2732-4ED1-9CA5-7248BED3588E}.Release|x64.Build.0 = Release|x64
		{F790BC37-2732-4ED1-9CA5-7248BED3588E}.Release|x86.ActiveCfg = Release|Win32
		{F790BC37-2732-4ED1-9CA5-7248BED3588E}.Release|x86.Build.0 = Release|Win32
		{06D21E1F-AA67-4C06-8C8C-90307A49603D}.Debug|ARM64.ActiveCfg = Debug|ARM64
		{06D21E1F-AA67-4C06-8C8C-90307A49603D}.Debug|ARM64.Build.0 = Debug|ARM64
		{06D21E1F-AA67-4C06-8C8C-90307A49603D}.Debug|x64.ActiveCfg = Debug|x64
		{06D21E1F-AA67-4C06-8C8C-90307A49603D}.Debug|x64.Build.0 = Debug|x64
		{06D21E1F-AA67-4C06-8C8C-90307A49603D}.Debug|x86.ActiveCfg = Debug|Win32
		{06D21E1F-AA67-4C06-8C8C-90307A49603D}.Debug|x86.Build.0 = Debug|Win32
		{06D21E1F-AA67-4C06-8C8C-90307A49603D}.Release|ARM64.ActiveCfg = Release|ARM64
		{06D21E1F-AA67-4C06-8C8C-90307A49603D}.Release|ARM64.Build.0 = Release|ARM64
		{06D21E1F-AA67-4C06-8C8C-90307A49603D}.Release|x64.ActiveCfg = Release|x64
		{06D21E1F-AA67-4C06-8C8C-90307A49603D}.Release|x64.Build.0 = Release|x64
		{06D21E1F-AA67-4C06-8C8C-90307A49603D}.Release|x86.ActiveCfg = Release|Win32
		{06D21E1F-AA67-4C06-8C8C-90307A49603D}.Release|x86.Build.0 = Release|Win32
		{FE648386-241A-4859-A7EC-01EE7FB1893E}.Debug|ARM64.ActiveCfg = Debug|ARM64
		{FE648386-241A-4859-A7EC-01EE7FB1893E}.Debug|ARM64.Build.0 = Debug|ARM64
		{FE648386-241A-4859-A7EC-01EE7FB1893E}.Debug|x64.ActiveCfg = Debug|x64
		{FE648386-241A-4859-A7EC-01EE7FB1893E}.Debug|x64.Build.0 = Debug|x64
		{FE648386-241A-4859-A7EC-01EE7FB1893E}.Debug|x86.ActiveCfg = Debug|Win32
		{FE648386-241A-4859-A7EC-01EE7FB1893E}.Debug|x86.Build.0 = Debug|Win32
		{FE648386-241A-4859-A7EC-01EE7FB1893E}.Release|ARM64.ActiveCfg = Release|ARM64
		{FE648386-241A-4859-A7EC-01EE7FB1893E}.Release|ARM64.Build.0 = Release|ARM64
		{FE648386-241A-4859-A7EC-01EE7FB1893E}.Release|x64.ActiveCfg = Release|x64
		{FE648386-241A-4859-A7EC-01EE7FB1893E}.Release|x64.Build.0 = Release|x64
		{FE648386-241A-4859-A7EC-01EE7FB1893E}.Release|x86.ActiveCfg = Release|Win32
		{FE648386-241A-4859-A7EC-01EE7FB1893E}.Release|x86.Build.0 = Release|Win32
		{E7AA2D5D-631A-4A0D-BA7C-F5BEA56C54E7}.Debug|ARM64.ActiveCfg = Debug|ARM64
		{E7AA2D5D-631A-4A0D-BA7C-F5BEA56C54E7}.Debug|ARM64.Build.0 = Debug|ARM64
		{E7AA2D5D-631A-4A0D-BA7C-F5BEA56C54E7}.Debug|x64.ActiveCfg = Debug|x64
		{E7AA2D5D-631A-4A0D-BA7C-F5BEA56C54E7}.Debug|x64.Build.0 = Debug|x64
		{E7AA2D5D-631A-4A0D-BA7C-F5BEA56C54E7}.Debug|x86.ActiveCfg = Debug|Win32
		{E7AA2D5D-631A-4A0D-BA7C-F5BEA56C54E7}.Debug|x86.Build.0 = Debug|Win32
		{E7AA2D5D-631A-4A0D-BA7C-F5BEA56C54E7}.Release|ARM64.ActiveCfg = Release|ARM64
		{E7AA2D5D-631A-4A0D-BA7C-F5BEA56C54E7}.Release|ARM64.Build.0 = Release|ARM64
		{E7AA2D5D-631A-4A0D-BA7C-F5BEA56C54E7}.Release|x64.ActiveCfg = Release|x64
		{E7AA2D5D-631A-4A0D-BA7C-F5BEA56C54E7}.Release|x64.Build.0 = Release|x64
		{E7AA2D5D-631A-4A0D-BA7C-F5BEA56C54E7}.Release|x86.ActiveCfg = Release|Win32
		{E7AA2D5D-631A-4A0D-BA7C-F5BEA56C54E7}.Release|x86.Build.0 = Release|Win32
		{4764D221-D089-4494-86CB-7F67DE6644CB}.Debug|ARM64.ActiveCfg = Debug|ARM64
		{4764D221-D089-4494-86CB-7F67DE6644CB}.Debug|ARM64.Build.0 = Debug|ARM64
		{4764D221-D089-4494-86CB-7F67DE6644CB}.Debug|x64.ActiveCfg = Debug|x64
		{4764D221-D089-4494-86CB-7F67DE6644CB}.Debug|x64.Build.0 = Debug|x64
		{4764D221-D089-4494-86CB-7F67DE6644CB}.Debug|x86.ActiveCfg = Debug|Win32
		{4764D221-D089-4494-86CB-7F67DE6644CB}.Debug|x86.Build.0 = Debug|Win32
		{4764D221-D089-4494-86CB-7F67DE6644CB}.Release|ARM64.ActiveCfg = Release|ARM64
		{4764D221-D089-4494-86CB-7F67DE6644CB}.Release|ARM64.Build.0 = Release|ARM64
		{4764D221-D089-4494-86CB-7F67DE6644CB}.Release|x64.ActiveCfg = Release|x64
		{4764D221-D089-4494-86CB-7F67DE6644CB}.Release|x64.Build.0 = Release|x64
		{4764D221-D089-4494-86CB-7F67DE6644CB}.Release|x86.ActiveCfg = Release|Win32
		{4764D221-D089-4494-86CB-7F67DE6644CB}.Release|x86.Build.0 = Release|Win32
		{EE01F0BB-014E-491B-A4BA-3DB952A541A0}.Debug|ARM64.ActiveCfg = Debug|ARM64
		{EE01F0BB-014E-491B-A4BA-3DB952A541A0}.Debug|ARM64.Build.0 = Debug|ARM64
		{EE01F0BB-014E-491B-A4BA-3DB952A541A0}.Debug|x64.ActiveCfg = Debug|x64
		{EE01F0BB-014E-491B-A4BA-3DB952A541A0}.Debug|x64.Build.0 = Debug|x64
		{EE01F0BB-014E-491B-A4BA-3DB952A541A0}.Debug|x86.ActiveCfg = Debug|Win32
		{EE01F0BB-014E-491B-A4BA-3DB952A541A0}.Debug|x86.Build.0 = Debug|Win32
		{EE01F0BB-014E-491B-A4BA-3DB952A541A0}.Release|ARM64.ActiveCfg = Release|ARM64
		{EE01F0BB-014E-491B-A4BA-3DB952A541A0}.Release|ARM64.Build.0 = Release|ARM64
		{EE01F0BB-014E-491B-A4BA-3DB952A541A0}.Release|x64.ActiveCfg = Release|x64
		{EE01F0BB-014E-491B-A4BA-3DB952A541A0}.Release|x64.Build.0 = Release|x64
		{EE01F0BB-014E-491B-A4BA-3DB952A541A0}.Release|x86.ActiveCfg = Release|Win32
		{EE01F0BB-014E-491B-A4BA-3DB952A541A0}.Release|x86.Build.0 = Release|Win32
		{C63940BA-24B0-452C-A618-E435888BB45C}.Debug|ARM64.ActiveCfg = Debug|ARM64
		{C63940BA-24B0-452C-A618-E435888BB45C}.Debug|ARM64.Build.0 = Debug|ARM64
		{C63940BA-24B0-452C-A618-E435888BB45C}.Debug|x64.ActiveCfg = Debug|x64
		{C63940BA-24B0-452C-A618-E435888BB45C}.Debug|x64.Build.0 = Debug|x64
		{C63940BA-24B0-452C-A618-E435888BB45C}.Debug|x86.ActiveCfg = Debug|Win32
		{C63940BA-24B0-452C-A618-E435888BB45C}.Debug|x86.Build.0 = Debug|Win32
		{C63940BA-24B0-452C-A618-E435888BB45C}.Release|ARM64.ActiveCfg = Release|ARM64
		{C63940BA-24B0-452C-A618-E435888BB45C}.Release|ARM64.Build.0 = Release|ARM64
		{C63940BA-24B0-452C-A618-E435888BB45C}.Release|x64.ActiveCfg = Release|x64
		{C63940BA-24B0-452C-A618-E435888BB45C}.Release|x64.Build.0 = Release|x64
		{C63940BA-24B0-452C-A618-E435888BB45C}.Release|x86.ActiveCfg = Release|Win32
		{C63940BA-24B0-452C-A618-E435888BB45C}.Release|x86.Build.0 = Release|Win32
		{EBA7E78E-01A2-42A4-B335-97D3DEFF9882}.Debug|ARM64.ActiveCfg = Debug|ARM64
		{EBA7E78E-01A2-42A4-B335-97D3DEFF9882}.Debug|ARM64.Build.0 = Debug|ARM64
		{EBA7E78E-01A2-42A4-B335-97D3DEFF9882}.Debug|x64.ActiveCfg = Debug|x64
		{EBA7E78E-01A2-42A4-B335-97D3DEFF9882}.Debug|x64.Build.0 = Debug|x64
		{EBA7E78E-01A2-42A4-B335-97D3DEFF9882}.Debug|x86.ActiveCfg = Debug|Win32
		{EBA7E78E-01A2-42A4-B335-97D3DEFF9882}.Debug|x86.Build.0 = Debug|Win32
		{EBA7E78E-01A2-42A4-B335-97D3DEFF9882}.Release|ARM64.ActiveCfg = Release|ARM64
		{EBA7E78E-01A2-42A4-B335-97D3DEFF9882}.Release|ARM64.Build.0 = Release|ARM64
		{EBA7E78E-01A2-42A4-B335-97D3DEFF9882}.Release|x64.ActiveCfg = Release|x64
		{EBA7E78E-01A2-42A4-B335-97D3DEFF9882}.Release|x64.Build.0 = Release|x64
		{EBA7E78E-01A2-42A4-B335-97D3DEFF9882}.Release|x86.ActiveCfg = Release|Win32
		{EBA7E78E-01A2-42A4-B335-97D3DEFF9882}.Release|x86.Build.0 = Release|Win32
		{0CB53E9D-99A3-4BC9-9C32-E7BEE58910EC}.Debug|ARM64.ActiveCfg = Debug|ARM64
		{0CB53E9D-99A3-4BC9-9C32-E7BEE58910EC}.Debug|ARM64.Build.0 = Debug|ARM64
		{0CB53E9D-99A3-4BC9-9C32-E7BEE58910EC}.Debug|x64.ActiveCfg = Debug|x64
		{0CB53E9D-99A3-4BC9-9C32-E7BEE58910EC}.Debug|x64.Build.0 = Debug|x64
		{0CB53E9D-99A3-4BC9-9C32-E7BEE58910EC}.Debug|x86.ActiveCfg = Debug|Win32
		{0CB53E9D-99A3-4BC9-9C32-E7BEE58910EC}.Debug|x86.Build.0 = Debug|Win32
		{0CB53E9D-99A3-4BC9-9C32-E7BEE58910EC}.Release|ARM64.ActiveCfg = Release|ARM64
		{0CB53E9D-99A3-4BC9-9C32-E7BEE58910EC}.Release|ARM64.Build.0 = Release|ARM64
		{0CB53E9D-99A3-4BC9-9C32-E7BEE58910EC}.Release|x64.ActiveCfg = Release|x64
		{0CB53E9D-99A3-4BC9-9C32-E7BEE58910EC}.Release|x64.Build.0 = Release|x64
		{0CB53E9D-99A3-4BC9-9C32-E7BEE58910EC}.Release|x86.ActiveCfg = Release|Win32
		{0CB53E9D-99A3-4BC9-9C32-E7BEE58910EC}.Release|x86.Build.0 = Release|Win32
	EndGlobalSection
	GlobalSection(SolutionProperties) = preSolution
		HideSolutionNode = FALSE
	EndGlobalSection
	GlobalSection(ExtensibilityGlobals) = postSolution
		SolutionGuid = {23C6A367-3A32-4EF7-BD96-A4459BC6E903}
	EndGlobalSection
EndGlobal
