<?xml version="1.0" encoding="utf-8"?>
<Project ToolsVersion="4.0" xmlns="http://schemas.microsoft.com/developer/msbuild/2003">
  <ItemGroup>
    <Filter Include="Header Files">
      <UniqueIdentifier>{a182c68f-f13d-4457-8a79-a59e33ecdb0a}</UniqueIdentifier>
    </Filter>
    <Filter Include="Source Files">
      <UniqueIdentifier>{0010e2f5-c48c-4bc6-9852-136771e19e21}</UniqueIdentifier>
    </Filter>
  </ItemGroup>
  <ItemGroup>
    <ClInclude Include="src\core\BakedMap.hpp">
      <Filter>Header Files</Filter>
    </ClInclude>
    <ClInclude Include="src\core\KFeatureTestor.h">
      <Filter>Header Files</Filter>
    </ClInclude>
    <ClInclude Include="src\core\KForm.h">
      <Filter>Header Files</Filter>
    </ClInclude>
    <ClInclude Include="src\core\Kiwi.h">
      <Filter>Header Files</Filter>
    </ClInclude>
    <ClInclude Include="src\core\KiwiHeader.h">
      <Filter>Header Files</Filter>
    </ClInclude>
    <ClInclude Include="src\core\KMemory.h">
      <Filter>Header Files</Filter>
    </ClInclude>
    <ClInclude Include="src\core\KMemoryChar.h">
      <Filter>Header Files</Filter>
    </ClInclude>
    <ClInclude Include="src\core\KModelMgr.h">
      <Filter>Header Files</Filter>
    </ClInclude>
    <ClInclude Include="src\core\KNLangModel.h">
      <Filter>Header Files</Filter>
    </ClInclude>
    <ClInclude Include="src\core\KTrie.h">
      <Filter>Header Files</Filter>
    </ClInclude>
    <ClInclude Include="src\core\KWordDetector.h">
      <Filter>Header Files</Filter>
    </ClInclude>
    <ClInclude Include="src\core\logPoisson.h">
      <Filter>Header Files</Filter>
    </ClInclude>
    <ClInclude Include="src\core\Trie.hpp">
      <Filter>Header Files</Filter>
    </ClInclude>
    <ClInclude Include="src\core\ThreadPool.h">
      <Filter>Header Files</Filter>
    </ClInclude>
    <ClInclude Include="src\core\Utils.h">
      <Filter>Header Files</Filter>
    </ClInclude>
    <ClInclude Include="src\core\serializer.hpp">
      <Filter>Header Files</Filter>
    </ClInclude>
    <ClInclude Include="src\core\PatternMatcher.h">
      <Filter>Header Files</Filter>
    </ClInclude>
    <ClInclude Include="src\core\pattern.hpp">
      <Filter>Header Files</Filter>
    </ClInclude>
  </ItemGroup>
  <ItemGroup>
    <ClCompile Include="src\core\KFeatureTestor.cpp">
      <Filter>Source Files</Filter>
    </ClCompile>
    <ClCompile Include="src\core\KForm.cpp">
      <Filter>Source Files</Filter>
    </ClCompile>
    <ClCompile Include="src\core\Kiwi.cpp">
      <Filter>Source Files</Filter>
    </ClCompile>
    <ClCompile Include="src\core\KModelMgr.cpp">
      <Filter>Source Files</Filter>
    </ClCompile>
    <ClCompile Include="src\core\KNLangModel.cpp">
      <Filter>Source Files</Filter>
    </ClCompile>
    <ClCompile Include="src\core\KTrie.cpp">
      <Filter>Source Files</Filter>
    </ClCompile>
    <ClCompile Include="src\core\KWordDetector.cpp">
      <Filter>Source Files</Filter>
    </ClCompile>
    <ClCompile Include="src\core\Utils.cpp">
      <Filter>Source Files</Filter>
    </ClCompile>
    <ClCompile Include="src\core\serializer.cpp">
      <Filter>Source Files</Filter>
    </ClCompile>
    <ClCompile Include="src\core\PatternMatcher.cpp">
      <Filter>Source Files</Filter>
    </ClCompile>
  </ItemGroup>
</Project>