<?xml version="1.0" encoding="utf-8"?>
<Project ToolsVersion="4.0" xmlns="http://schemas.microsoft.com/developer/msbuild/2003">
  <ItemGroup>
    <Filter Include="Header Files">
      <UniqueIdentifier>{a182c68f-f13d-4457-8a79-a59e33ecdb0a}</UniqueIdentifier>
    </Filter>
    <Filter Include="Source Files">
      <UniqueIdentifier>{0010e2f5-c48c-4bc6-9852-136771e19e21}</UniqueIdentifier>
    </Filter>
    <Filter Include="mimalloc">
      <UniqueIdentifier>{088ada21-49be-404b-9c55-a3c9940f65af}</UniqueIdentifier>
    </Filter>
    <Filter Include="Header Files\kiwi">
      <UniqueIdentifier>{3ed6d7a3-06e8-47ce-8364-951da0b8e030}</UniqueIdentifier>
    </Filter>
  </ItemGroup>
  <ItemGroup>
    <ClInclude Include="include\kiwi\Kiwi.h">
      <Filter>Header Files\kiwi</Filter>
    </ClInclude>
    <ClInclude Include="include\kiwi\Types.h">
      <Filter>Header Files\kiwi</Filter>
    </ClInclude>
    <ClInclude Include="include\kiwi\Utils.h">
      <Filter>Header Files\kiwi</Filter>
    </ClInclude>
    <ClInclude Include="include\kiwi\Trainer.h">
      <Filter>Header Files\kiwi</Filter>
    </ClInclude>
    <ClInclude Include="include\kiwi\Mmap.h">
      <Filter>Header Files\kiwi</Filter>
    </ClInclude>
    <ClInclude Include="include\kiwi\Knlm.h">
      <Filter>Header Files\kiwi</Filter>
    </ClInclude>
    <ClInclude Include="include\kiwi\Trie.hpp">
      <Filter>Header Files\kiwi</Filter>
    </ClInclude>
    <ClInclude Include="include\kiwi\PatternMatcher.h">
      <Filter>Header Files\kiwi</Filter>
    </ClInclude>
    <ClInclude Include="include\kiwi\FrozenTrie.h">
      <Filter>Header Files\kiwi</Filter>
    </ClInclude>
    <ClInclude Include="include\kiwi\WordDetector.h">
      <Filter>Header Files\kiwi</Filter>
    </ClInclude>
    <ClInclude Include="include\kiwi\ThreadPool.h">
      <Filter>Header Files\kiwi</Filter>
    </ClInclude>
    <ClInclude Include="include\kiwi\FixedVector.hpp">
      <Filter>Header Files\kiwi</Filter>
    </ClInclude>
    <ClInclude Include="include\kiwi\Form.h">
      <Filter>Header Files\kiwi</Filter>
    </ClInclude>
    <ClInclude Include="src\count.hpp">
      <Filter>Source Files</Filter>
    </ClInclude>
    <ClInclude Include="src\FrozenTrie.hpp">
      <Filter>Source Files</Filter>
    </ClInclude>
    <ClInclude Include="src\FeatureTestor.h">
      <Filter>Source Files</Filter>
    </ClInclude>
    <ClInclude Include="src\Knlm.hpp">
      <Filter>Source Files</Filter>
    </ClInclude>
    <ClInclude Include="src\KTrie.h">
      <Filter>Source Files</Filter>
    </ClInclude>
    <ClInclude Include="src\pattern.hpp">
      <Filter>Source Files</Filter>
    </ClInclude>
    <ClInclude Include="src\search.h">
      <Filter>Source Files</Filter>
    </ClInclude>
    <ClInclude Include="src\serializer.hpp">
      <Filter>Source Files</Filter>
    </ClInclude>
    <ClInclude Include="include\kiwi\BitUtils.h">
      <Filter>Header Files\kiwi</Filter>
    </ClInclude>
    <ClInclude Include="include\kiwi\Macro.h">
      <Filter>Header Files\kiwi</Filter>
    </ClInclude>
    <ClInclude Include="include\kiwi\ArchUtils.h">
      <Filter>Header Files\kiwi</Filter>
    </ClInclude>
    <ClInclude Include="include\kiwi\TemplateUtils.hpp">
      <Filter>Header Files\kiwi</Filter>
    </ClInclude>
    <ClInclude Include="src\Combiner.h">
      <Filter>Source Files</Filter>
    </ClInclude>
    <ClInclude Include="src\bitset.hpp">
      <Filter>Source Files</Filter>
    </ClInclude>
    <ClInclude Include="include\kiwi\TagUtils.h">
      <Filter>Header Files\kiwi</Filter>
    </ClInclude>
    <ClInclude Include="src\RaggedVector.hpp">
      <Filter>Source Files</Filter>
    </ClInclude>
    <ClInclude Include="src\ArchAvailable.h">
      <Filter>Source Files</Filter>
    </ClInclude>
    <ClInclude Include="src\QEncoder.hpp">
      <Filter>Source Files</Filter>
    </ClInclude>
    <ClInclude Include="src\BitEncoder.hpp">
      <Filter>Source Files</Filter>
    </ClInclude>
    <ClInclude Include="src\string_view.hpp">
      <Filter>Source Files</Filter>
    </ClInclude>
    <ClInclude Include="src\StrUtils.h">
      <Filter>Source Files</Filter>
    </ClInclude>
    <ClInclude Include="src\FileUtils.h">
      <Filter>Source Files</Filter>
    </ClInclude>
  </ItemGroup>
  <ItemGroup>
    <ClCompile Include="src\Form.cpp">
      <Filter>Source Files</Filter>
    </ClCompile>
    <ClCompile Include="src\FeatureTestor.cpp">
      <Filter>Source Files</Filter>
    </ClCompile>
    <ClCompile Include="src\Kiwi.cpp">
      <Filter>Source Files</Filter>
    </ClCompile>
    <ClCompile Include="src\KiwiBuilder.cpp">
      <Filter>Source Files</Filter>
    </ClCompile>
    <ClCompile Include="src\KTrie.cpp">
      <Filter>Source Files</Filter>
    </ClCompile>
    <ClCompile Include="src\PatternMatcher.cpp">
      <Filter>Source Files</Filter>
    </ClCompile>
    <ClCompile Include="src\Utils.cpp">
      <Filter>Source Files</Filter>
    </ClCompile>
    <ClCompile Include="src\WordDetector.cpp">
      <Filter>Source Files</Filter>
    </ClCompile>
    <ClCompile Include="src\search.cpp">
      <Filter>Source Files</Filter>
    </ClCompile>
    <ClCompile Include="third_party\mimalloc\src\static.c">
      <Filter>mimalloc</Filter>
    </ClCompile>
    <ClCompile Include="src\ArchUtils.cpp">
      <Filter>Source Files</Filter>
    </ClCompile>
    <ClCompile Include="src\Combiner.cpp">
      <Filter>Source Files</Filter>
    </ClCompile>
    <ClCompile Include="src\TagUtils.cpp">
      <Filter>Source Files</Filter>
    </ClCompile>
  </ItemGroup>
</Project>